
Microsoft Visual Studio Solution File, Format Version 12.00
# Visual Studio Version 16
VisualStudioVersion = 16.0.30204.135
MinimumVisualStudioVersion = 10.0.40219.1
Project("{9A19103F-16F7-4668-BE54-9A1E7A4F7556}") = "ResearchTube", "ResearchTube.csproj", "{4F27A6A0-8634-4B5E-B57E-30EA5A1F5790}"
EndProject
Project("{FAE04EC0-301F-11D3-BF4B-00C04F79EFBC}") = "ResearchTube.Test", "..\ResearchTube.Test\ResearchTube.Test.csproj", "{235754E0-59A5-47AA-B279-812E69F27453}"
EndProject
Global
	GlobalSection(SolutionConfigurationPlatforms) = preSolution
		Debug|Any CPU = Debug|Any CPU
		Release|Any CPU = Release|Any CPU
	EndGlobalSection
	GlobalSection(ProjectConfigurationPlatforms) = postSolution
		{4F27A6A0-8634-4B5E-B57E-30EA5A1F5790}.Debug|Any CPU.ActiveCfg = Debug|Any CPU
		{4F27A6A0-8634-4B5E-B57E-30EA5A1F5790}.Debug|Any CPU.Build.0 = Debug|Any CPU
		{4F27A6A0-8634-4B5E-B57E-30EA5A1F5790}.Release|Any CPU.ActiveCfg = Release|Any CPU
		{4F27A6A0-8634-4B5E-B57E-30EA5A1F5790}.Release|Any CPU.Build.0 = Release|Any CPU
		{235754E0-59A5-47AA-B279-812E69F27453}.Debug|Any CPU.ActiveCfg = Debug|Any CPU
		{235754E0-59A5-47AA-B279-812E69F27453}.Debug|Any CPU.Build.0 = Debug|Any CPU
		{235754E0-59A5-47AA-B279-812E69F27453}.Release|Any CPU.ActiveCfg = Release|Any CPU
		{235754E0-59A5-47AA-B279-812E69F27453}.Release|Any CPU.Build.0 = Release|Any CPU
	EndGlobalSection
	GlobalSection(SolutionProperties) = preSolution
		HideSolutionNode = FALSE
	EndGlobalSection
	GlobalSection(ExtensibilityGlobals) = postSolution
		SolutionGuid = {0E886A62-48AC-490B-9842-D01302D6E95A}
	EndGlobalSection
EndGlobal
